
Microsoft Visual Studio Solution File, Format Version 12.00
# Visual Studio 2012
Project("{FAE04EC0-301F-11D3-BF4B-00C04F79EFBC}") = "Hands", "HandsSample\Hands.csproj", "{56933B55-2626-42AF-821E-CE8C67108962}"
EndProject
Project("{FAE04EC0-301F-11D3-BF4B-00C04F79EFBC}") = "SpeechRecognition", "SpeechRecognition\SpeechRecognition.csproj", "{3B813133-9FDB-4372-9674-D7DC2E772F22}"
EndProject
Project("{FAE04EC0-301F-11D3-BF4B-00C04F79EFBC}") = "Face", "Face\Face.csproj", "{ED4AA425-4E41-4A16-8DF6-79D87203EB68}"
EndProject
Project("{FAE04EC0-301F-11D3-BF4B-00C04F79EFBC}") = "Streams", "Streams\Streams.csproj", "{F5DF0D0F-1848-426B-8FFC-D4A0CBB6CF35}"
EndProject
Project("{FAE04EC0-301F-11D3-BF4B-00C04F79EFBC}") = "Emotion", "Emotion\Emotion.csproj", "{AFC0B359-F586-4713-9B95-866126BF8E8E}"
EndProject
Project("{FAE04EC0-301F-11D3-BF4B-00C04F79EFBC}") = "Emotion-Callback", "Emotion-Callback\Emotion-Callback.csproj", "{C766EE03-69B4-4C8E-83AB-09A6FFAD9D49}"
EndProject
Project("{FAE04EC0-301F-11D3-BF4B-00C04F79EFBC}") = "Face-Recognition", "Face-Recognition\Face-Recognition.csproj", "{3ABB8C81-1A03-4D28-85A5-93E00E18B5D4}"
EndProject
Project("{FAE04EC0-301F-11D3-BF4B-00C04F79EFBC}") = "ObjectTracking", "ObjectTracking\ObjectTracking.csproj", "{146DB47B-8642-40A4-9E02-6FFCB9C2366C}"
EndProject
Project("{FAE04EC0-301F-11D3-BF4B-00C04F79EFBC}") = "Device", "Device\Device.csproj", "{745788C5-8A50-4571-BD1E-3FBE17C20D2F}"
EndProject
Project("{FAE04EC0-301F-11D3-BF4B-00C04F79EFBC}") = "SpeechSynthesis", "SpeechSynthesis\SpeechSynthesis.csproj", "{5BA80BFA-3E57-4D8F-AD0E-3BFE8EC4EDA8}"
EndProject
Project("{FAE04EC0-301F-11D3-BF4B-00C04F79EFBC}") = "Segmentation", "Segmentation\Segmentation.csproj", "{E0B194CB-31D7-41D0-8052-0F0482DD0538}"
EndProject
Project("{FAE04EC0-301F-11D3-BF4B-00C04F79EFBC}") = "CameraCalibration", "CameraCalibration\CameraCalibration.csproj", "{20F2211E-56BF-43C4-BE8E-BE75098769D5}"
EndProject
Global
	GlobalSection(SolutionConfigurationPlatforms) = preSolution
		Debug|Any CPU = Debug|Any CPU
		Release|Any CPU = Release|Any CPU
	EndGlobalSection
	GlobalSection(ProjectConfigurationPlatforms) = postSolution
		{56933B55-2626-42AF-821E-CE8C67108962}.Debug|Any CPU.ActiveCfg = Debug|Any CPU
		{56933B55-2626-42AF-821E-CE8C67108962}.Debug|Any CPU.Build.0 = Debug|Any CPU
		{56933B55-2626-42AF-821E-CE8C67108962}.Release|Any CPU.ActiveCfg = Release|Any CPU
		{56933B55-2626-42AF-821E-CE8C67108962}.Release|Any CPU.Build.0 = Release|Any CPU
		{3B813133-9FDB-4372-9674-D7DC2E772F22}.Debug|Any CPU.ActiveCfg = Debug|Any CPU
		{3B813133-9FDB-4372-9674-D7DC2E772F22}.Debug|Any CPU.Build.0 = Debug|Any CPU
		{3B813133-9FDB-4372-9674-D7DC2E772F22}.Release|Any CPU.ActiveCfg = Release|Any CPU
		{3B813133-9FDB-4372-9674-D7DC2E772F22}.Release|Any CPU.Build.0 = Release|Any CPU
		{ED4AA425-4E41-4A16-8DF6-79D87203EB68}.Debug|Any CPU.ActiveCfg = Debug|Any CPU
		{ED4AA425-4E41-4A16-8DF6-79D87203EB68}.Debug|Any CPU.Build.0 = Debug|Any CPU
		{ED4AA425-4E41-4A16-8DF6-79D87203EB68}.Release|Any CPU.ActiveCfg = Release|Any CPU
		{ED4AA425-4E41-4A16-8DF6-79D87203EB68}.Release|Any CPU.Build.0 = Release|Any CPU
		{F5DF0D0F-1848-426B-8FFC-D4A0CBB6CF35}.Debug|Any CPU.ActiveCfg = Debug|Any CPU
		{F5DF0D0F-1848-426B-8FFC-D4A0CBB6CF35}.Debug|Any CPU.Build.0 = Debug|Any CPU
		{F5DF0D0F-1848-426B-8FFC-D4A0CBB6CF35}.Release|Any CPU.ActiveCfg = Release|Any CPU
		{F5DF0D0F-1848-426B-8FFC-D4A0CBB6CF35}.Release|Any CPU.Build.0 = Release|Any CPU
		{AFC0B359-F586-4713-9B95-866126BF8E8E}.Debug|Any CPU.ActiveCfg = Debug|Any CPU
		{AFC0B359-F586-4713-9B95-866126BF8E8E}.Debug|Any CPU.Build.0 = Debug|Any CPU
		{AFC0B359-F586-4713-9B95-866126BF8E8E}.Release|Any CPU.ActiveCfg = Release|Any CPU
		{AFC0B359-F586-4713-9B95-866126BF8E8E}.Release|Any CPU.Build.0 = Release|Any CPU
		{C766EE03-69B4-4C8E-83AB-09A6FFAD9D49}.Debug|Any CPU.ActiveCfg = Debug|Any CPU
		{C766EE03-69B4-4C8E-83AB-09A6FFAD9D49}.Debug|Any CPU.Build.0 = Debug|Any CPU
		{C766EE03-69B4-4C8E-83AB-09A6FFAD9D49}.Release|Any CPU.ActiveCfg = Release|Any CPU
		{C766EE03-69B4-4C8E-83AB-09A6FFAD9D49}.Release|Any CPU.Build.0 = Release|Any CPU
		{3ABB8C81-1A03-4D28-85A5-93E00E18B5D4}.Debug|Any CPU.ActiveCfg = Debug|Any CPU
		{3ABB8C81-1A03-4D28-85A5-93E00E18B5D4}.Debug|Any CPU.Build.0 = Debug|Any CPU
		{3ABB8C81-1A03-4D28-85A5-93E00E18B5D4}.Release|Any CPU.ActiveCfg = Release|Any CPU
		{3ABB8C81-1A03-4D28-85A5-93E00E18B5D4}.Release|Any CPU.Build.0 = Release|Any CPU
		{146DB47B-8642-40A4-9E02-6FFCB9C2366C}.Debug|Any CPU.ActiveCfg = Debug|Any CPU
		{146DB47B-8642-40A4-9E02-6FFCB9C2366C}.Debug|Any CPU.Build.0 = Debug|Any CPU
		{146DB47B-8642-40A4-9E02-6FFCB9C2366C}.Release|Any CPU.ActiveCfg = Release|Any CPU
		{146DB47B-8642-40A4-9E02-6FFCB9C2366C}.Release|Any CPU.Build.0 = Release|Any CPU
		{745788C5-8A50-4571-BD1E-3FBE17C20D2F}.Debug|Any CPU.ActiveCfg = Debug|Any CPU
		{745788C5-8A50-4571-BD1E-3FBE17C20D2F}.Debug|Any CPU.Build.0 = Debug|Any CPU
		{745788C5-8A50-4571-BD1E-3FBE17C20D2F}.Release|Any CPU.ActiveCfg = Release|Any CPU
		{745788C5-8A50-4571-BD1E-3FBE17C20D2F}.Release|Any CPU.Build.0 = Release|Any CPU
		{5BA80BFA-3E57-4D8F-AD0E-3BFE8EC4EDA8}.Debug|Any CPU.ActiveCfg = Debug|Any CPU
		{5BA80BFA-3E57-4D8F-AD0E-3BFE8EC4EDA8}.Debug|Any CPU.Build.0 = Debug|Any CPU
		{5BA80BFA-3E57-4D8F-AD0E-3BFE8EC4EDA8}.Release|Any CPU.ActiveCfg = Release|Any CPU
		{5BA80BFA-3E57-4D8F-AD0E-3BFE8EC4EDA8}.Release|Any CPU.Build.0 = Release|Any CPU
		{E0B194CB-31D7-41D0-8052-0F0482DD0538}.Debug|Any CPU.ActiveCfg = Debug|Any CPU
		{E0B194CB-31D7-41D0-8052-0F0482DD0538}.Debug|Any CPU.Build.0 = Debug|Any CPU
		{E0B194CB-31D7-41D0-8052-0F0482DD0538}.Release|Any CPU.ActiveCfg = Release|Any CPU
		{E0B194CB-31D7-41D0-8052-0F0482DD0538}.Release|Any CPU.Build.0 = Release|Any CPU
		{20F2211E-56BF-43C4-BE8E-BE75098769D5}.Debug|Any CPU.ActiveCfg = Debug|Any CPU
		{20F2211E-56BF-43C4-BE8E-BE75098769D5}.Debug|Any CPU.Build.0 = Debug|Any CPU
		{20F2211E-56BF-43C4-BE8E-BE75098769D5}.Debug|Any CPU.Deploy.0 = Debug|Any CPU
		{20F2211E-56BF-43C4-BE8E-BE75098769D5}.Release|Any CPU.ActiveCfg = Release|Any CPU
		{20F2211E-56BF-43C4-BE8E-BE75098769D5}.Release|Any CPU.Build.0 = Release|Any CPU
	EndGlobalSection
	GlobalSection(SolutionProperties) = preSolution
		HideSolutionNode = FALSE
	EndGlobalSection
EndGlobal
